// !$*UTF8*$!
{
	archiveVersion = 1;
	classes = {
	};
	objectVersion = 50;
	objects = {

/* Begin PBXBuildFile section */
		16000E8B2282638F008484B6 /* AppDelegate.swift in Sources */ = {isa = PBXBuildFile; fileRef = 16000E8A2282638F008484B6 /* AppDelegate.swift */; };
		16000E902282638F008484B6 /* Main.storyboard in Resources */ = {isa = PBXBuildFile; fileRef = 16000E8E2282638F008484B6 /* Main.storyboard */; };
		16000E9222826390008484B6 /* Assets.xcassets in Resources */ = {isa = PBXBuildFile; fileRef = 16000E9122826390008484B6 /* Assets.xcassets */; };
		16000E9522826390008484B6 /* LaunchScreen.storyboard in Resources */ = {isa = PBXBuildFile; fileRef = 16000E9322826390008484B6 /* LaunchScreen.storyboard */; };
		16000EA42282642B008484B6 /* Constants.swift in Sources */ = {isa = PBXBuildFile; fileRef = 16000EA32282642B008484B6 /* Constants.swift */; };
		16000EA622826504008484B6 /* Entry.swift in Sources */ = {isa = PBXBuildFile; fileRef = 16000EA522826504008484B6 /* Entry.swift */; };
		16000EA82282669D008484B6 /* EntryController.swift in Sources */ = {isa = PBXBuildFile; fileRef = 16000EA72282669D008484B6 /* EntryController.swift */; };
/* End PBXBuildFile section */

/* Begin PBXFileReference section */
		16000E872282638F008484B6 /* RAMJournal.app */ = {isa = PBXFileReference; explicitFileType = wrapper.application; includeInIndex = 0; path = RAMJournal.app; sourceTree = BUILT_PRODUCTS_DIR; };
		16000E8A2282638F008484B6 /* AppDelegate.swift */ = {isa = PBXFileReference; lastKnownFileType = sourcecode.swift; path = AppDelegate.swift; sourceTree = "<group>"; };
		16000E8F2282638F008484B6 /* Base */ = {isa = PBXFileReference; lastKnownFileType = file.storyboard; name = Base; path = Base.lproj/Main.storyboard; sourceTree = "<group>"; };
		16000E9122826390008484B6 /* Assets.xcassets */ = {isa = PBXFileReference; lastKnownFileType = folder.assetcatalog; path = Assets.xcassets; sourceTree = "<group>"; };
		16000E9422826390008484B6 /* Base */ = {isa = PBXFileReference; lastKnownFileType = file.storyboard; name = Base; path = Base.lproj/LaunchScreen.storyboard; sourceTree = "<group>"; };
		16000E9622826390008484B6 /* Info.plist */ = {isa = PBXFileReference; lastKnownFileType = text.plist.xml; path = Info.plist; sourceTree = "<group>"; };
		16000EA32282642B008484B6 /* Constants.swift */ = {isa = PBXFileReference; lastKnownFileType = sourcecode.swift; path = Constants.swift; sourceTree = "<group>"; };
		16000EA522826504008484B6 /* Entry.swift */ = {isa = PBXFileReference; lastKnownFileType = sourcecode.swift; path = Entry.swift; sourceTree = "<group>"; };
		16000EA72282669D008484B6 /* EntryController.swift */ = {isa = PBXFileReference; lastKnownFileType = sourcecode.swift; path = EntryController.swift; sourceTree = "<group>"; };
/* End PBXFileReference section */

/* Begin PBXFrameworksBuildPhase section */
		16000E842282638F008484B6 /* Frameworks */ = {
			isa = PBXFrameworksBuildPhase;
			buildActionMask = 2147483647;
			files = (
			);
			runOnlyForDeploymentPostprocessing = 0;
		};
/* End PBXFrameworksBuildPhase section */

/* Begin PBXGroup section */
		16000E7E2282638F008484B6 = {
			isa = PBXGroup;
			children = (
				16000E892282638F008484B6 /* RAMJournal */,
				16000E882282638F008484B6 /* Products */,
			);
			sourceTree = "<group>";
		};
		16000E882282638F008484B6 /* Products */ = {
			isa = PBXGroup;
			children = (
				16000E872282638F008484B6 /* RAMJournal.app */,
			);
			name = Products;
			sourceTree = "<group>";
		};
		16000E892282638F008484B6 /* RAMJournal */ = {
			isa = PBXGroup;
			children = (
				16000E9E228263F5008484B6 /* Model */,
				16000E9F228263FB008484B6 /* Model Controller */,
				16000EA022826405008484B6 /* View Controllers */,
				16000E9C228263D3008484B6 /* Storyboards and Views */,
				16000E9D228263E5008484B6 /* Resources */,
			);
			path = RAMJournal;
			sourceTree = "<group>";
		};
		16000E9C228263D3008484B6 /* Storyboards and Views */ = {
			isa = PBXGroup;
			children = (
				16000E8E2282638F008484B6 /* Main.storyboard */,
				16000E9322826390008484B6 /* LaunchScreen.storyboard */,
			);
			path = "Storyboards and Views";
			sourceTree = "<group>";
		};
		16000E9D228263E5008484B6 /* Resources */ = {
			isa = PBXGroup;
			children = (
				16000E8A2282638F008484B6 /* AppDelegate.swift */,
				16000E9122826390008484B6 /* Assets.xcassets */,
				16000E9622826390008484B6 /* Info.plist */,
				16000EA32282642B008484B6 /* Constants.swift */,
			);
			path = Resources;
			sourceTree = "<group>";
		};
		16000E9E228263F5008484B6 /* Model */ = {
			isa = PBXGroup;
			children = (
				16000EA522826504008484B6 /* Entry.swift */,
			);
			path = Model;
			sourceTree = "<group>";
		};
		16000E9F228263FB008484B6 /* Model Controller */ = {
			isa = PBXGroup;
			children = (
				16000EA72282669D008484B6 /* EntryController.swift */,
			);
			path = "Model Controller";
			sourceTree = "<group>";
		};
		16000EA022826405008484B6 /* View Controllers */ = {
			isa = PBXGroup;
			children = (
			);
			path = "View Controllers";
			sourceTree = "<group>";
		};
/* End PBXGroup section */

/* Begin PBXNativeTarget section */
		16000E862282638F008484B6 /* RAMJournal */ = {
			isa = PBXNativeTarget;
			buildConfigurationList = 16000E9922826390008484B6 /* Build configuration list for PBXNativeTarget "RAMJournal" */;
			buildPhases = (
				16000E832282638F008484B6 /* Sources */,
				16000E842282638F008484B6 /* Frameworks */,
				16000E852282638F008484B6 /* Resources */,
			);
			buildRules = (
			);
			dependencies = (
			);
			name = RAMJournal;
			productName = RAMJournal;
			productReference = 16000E872282638F008484B6 /* RAMJournal.app */;
			productType = "com.apple.product-type.application";
		};
/* End PBXNativeTarget section */

/* Begin PBXProject section */
		16000E7F2282638F008484B6 /* Project object */ = {
			isa = PBXProject;
			attributes = {
				LastSwiftUpdateCheck = 1020;
				LastUpgradeCheck = 1020;
				ORGANIZATIONNAME = "Taylor Bills";
				TargetAttributes = {
					16000E862282638F008484B6 = {
						CreatedOnToolsVersion = 10.2.1;
					};
				};
			};
			buildConfigurationList = 16000E822282638F008484B6 /* Build configuration list for PBXProject "RAMJournal" */;
			compatibilityVersion = "Xcode 9.3";
			developmentRegion = en;
			hasScannedForEncodings = 0;
			knownRegions = (
				en,
				Base,
			);
			mainGroup = 16000E7E2282638F008484B6;
			productRefGroup = 16000E882282638F008484B6 /* Products */;
			projectDirPath = "";
			projectRoot = "";
			targets = (
				16000E862282638F008484B6 /* RAMJournal */,
			);
		};
/* End PBXProject section */

/* Begin PBXResourcesBuildPhase section */
		16000E852282638F008484B6 /* Resources */ = {
			isa = PBXResourcesBuildPhase;
			buildActionMask = 2147483647;
			files = (
				16000E9522826390008484B6 /* LaunchScreen.storyboard in Resources */,
				16000E9222826390008484B6 /* Assets.xcassets in Resources */,
				16000E902282638F008484B6 /* Main.storyboard in Resources */,
			);
			runOnlyForDeploymentPostprocessing = 0;
		};
/* End PBXResourcesBuildPhase section */

/* Begin PBXSourcesBuildPhase section */
		16000E832282638F008484B6 /* Sources */ = {
			isa = PBXSourcesBuildPhase;
			buildActionMask = 2147483647;
			files = (
				16000EA622826504008484B6 /* Entry.swift in Sources */,
				16000E8B2282638F008484B6 /* AppDelegate.swift in Sources */,
				16000EA82282669D008484B6 /* EntryController.swift in Sources */,
				16000EA42282642B008484B6 /* Constants.swift in Sources */,
			);
			runOnlyForDeploymentPostprocessing = 0;
		};
/* End PBXSourcesBuildPhase section */

/* Begin PBXVariantGroup section */
		16000E8E2282638F008484B6 /* Main.storyboard */ = {
			isa = PBXVariantGroup;
			children = (
				16000E8F2282638F008484B6 /* Base */,
			);
			name = Main.storyboard;
			sourceTree = "<group>";
		};
		16000E9322826390008484B6 /* LaunchScreen.storyboard */ = {
			isa = PBXVariantGroup;
			children = (
				16000E9422826390008484B6 /* Base */,
			);
			name = LaunchScreen.storyboard;
			sourceTree = "<group>";
		};
/* End PBXVariantGroup section */

/* Begin XCBuildConfiguration section */
		16000E9722826390008484B6 /* Debug */ = {
			isa = XCBuildConfiguration;
			buildSettings = {
				ALWAYS_SEARCH_USER_PATHS = NO;
				CLANG_ANALYZER_NONNULL = YES;
				CLANG_ANALYZER_NUMBER_OBJECT_CONVERSION = YES_AGGRESSIVE;
				CLANG_CXX_LANGUAGE_STANDARD = "gnu++14";
				CLANG_CXX_LIBRARY = "libc++";
				CLANG_ENABLE_MODULES = YES;
				CLANG_ENABLE_OBJC_ARC = YES;
				CLANG_ENABLE_OBJC_WEAK = YES;
				CLANG_WARN_BLOCK_CAPTURE_AUTORELEASING = YES;
				CLANG_WARN_BOOL_CONVERSION = YES;
				CLANG_WARN_COMMA = YES;
				CLANG_WARN_CONSTANT_CONVERSION = YES;
				CLANG_WARN_DEPRECATED_OBJC_IMPLEMENTATIONS = YES;
				CLANG_WARN_DIRECT_OBJC_ISA_USAGE = YES_ERROR;
				CLANG_WARN_DOCUMENTATION_COMMENTS = YES;
				CLANG_WARN_EMPTY_BODY = YES;
				CLANG_WARN_ENUM_CONVERSION = YES;
				CLANG_WARN_INFINITE_RECURSION = YES;
				CLANG_WARN_INT_CONVERSION = YES;
				CLANG_WARN_NON_LITERAL_NULL_CONVERSION = YES;
				CLANG_WARN_OBJC_IMPLICIT_RETAIN_SELF = YES;
				CLANG_WARN_OBJC_LITERAL_CONVERSION = YES;
				CLANG_WARN_OBJC_ROOT_CLASS = YES_ERROR;
				CLANG_WARN_RANGE_LOOP_ANALYSIS = YES;
				CLANG_WARN_STRICT_PROTOTYPES = YES;
				CLANG_WARN_SUSPICIOUS_MOVE = YES;
				CLANG_WARN_UNGUARDED_AVAILABILITY = YES_AGGRESSIVE;
				CLANG_WARN_UNREACHABLE_CODE = YES;
				CLANG_WARN__DUPLICATE_METHOD_MATCH = YES;
				CODE_SIGN_IDENTITY = "iPhone Developer";
				COPY_PHASE_STRIP = NO;
				DEBUG_INFORMATION_FORMAT = dwarf;
				ENABLE_STRICT_OBJC_MSGSEND = YES;
				ENABLE_TESTABILITY = YES;
				GCC_C_LANGUAGE_STANDARD = gnu11;
				GCC_DYNAMIC_NO_PIC = NO;
				GCC_NO_COMMON_BLOCKS = YES;
				GCC_OPTIMIZATION_LEVEL = 0;
				GCC_PREPROCESSOR_DEFINITIONS = (
					"DEBUG=1",
					"$(inherited)",
				);
				GCC_WARN_64_TO_32_BIT_CONVERSION = YES;
				GCC_WARN_ABOUT_RETURN_TYPE = YES_ERROR;
				GCC_WARN_UNDECLARED_SELECTOR = YES;
				GCC_WARN_UNINITIALIZED_AUTOS = YES_AGGRESSIVE;
				GCC_WARN_UNUSED_FUNCTION = YES;
				GCC_WARN_UNUSED_VARIABLE = YES;
				IPHONEOS_DEPLOYMENT_TARGET = 12.2;
				MTL_ENABLE_DEBUG_INFO = INCLUDE_SOURCE;
				MTL_FAST_MATH = YES;
				ONLY_ACTIVE_ARCH = YES;
				SDKROOT = iphoneos;
				SWIFT_ACTIVE_COMPILATION_CONDITIONS = DEBUG;
				SWIFT_OPTIMIZATION_LEVEL = "-Onone";
			};
			name = Debug;
		};
		16000E9822826390008484B6 /* Release */ = {
			isa = XCBuildConfiguration;
			buildSettings = {
				ALWAYS_SEARCH_USER_PATHS = NO;
				CLANG_ANALYZER_NONNULL = YES;
				CLANG_ANALYZER_NUMBER_OBJECT_CONVERSION = YES_AGGRESSIVE;
				CLANG_CXX_LANGUAGE_STANDARD = "gnu++14";
				CLANG_CXX_LIBRARY = "libc++";
				CLANG_ENABLE_MODULES = YES;
				CLANG_ENABLE_OBJC_ARC = YES;
				CLANG_ENABLE_OBJC_WEAK = YES;
				CLANG_WARN_BLOCK_CAPTURE_AUTORELEASING = YES;
				CLANG_WARN_BOOL_CONVERSION = YES;
				CLANG_WARN_COMMA = YES;
				CLANG_WARN_CONSTANT_CONVERSION = YES;
				CLANG_WARN_DEPRECATED_OBJC_IMPLEMENTATIONS = YES;
				CLANG_WARN_DIRECT_OBJC_ISA_USAGE = YES_ERROR;
				CLANG_WARN_DOCUMENTATION_COMMENTS = YES;
				CLANG_WARN_EMPTY_BODY = YES;
				CLANG_WARN_ENUM_CONVERSION = YES;
				CLANG_WARN_INFINITE_RECURSION = YES;
				CLANG_WARN_INT_CONVERSION = YES;
				CLANG_WARN_NON_LITERAL_NULL_CONVERSION = YES;
				CLANG_WARN_OBJC_IMPLICIT_RETAIN_SELF = YES;
				CLANG_WARN_OBJC_LITERAL_CONVERSION = YES;
				CLANG_WARN_OBJC_ROOT_CLASS = YES_ERROR;
				CLANG_WARN_RANGE_LOOP_ANALYSIS = YES;
				CLANG_WARN_STRICT_PROTOTYPES = YES;
				CLANG_WARN_SUSPICIOUS_MOVE = YES;
				CLANG_WARN_UNGUARDED_AVAILABILITY = YES_AGGRESSIVE;
				CLANG_WARN_UNREACHABLE_CODE = YES;
				CLANG_WARN__DUPLICATE_METHOD_MATCH = YES;
				CODE_SIGN_IDENTITY = "iPhone Developer";
				COPY_PHASE_STRIP = NO;
				DEBUG_INFORMATION_FORMAT = "dwarf-with-dsym";
				ENABLE_NS_ASSERTIONS = NO;
				ENABLE_STRICT_OBJC_MSGSEND = YES;
				GCC_C_LANGUAGE_STANDARD = gnu11;
				GCC_NO_COMMON_BLOCKS = YES;
				GCC_WARN_64_TO_32_BIT_CONVERSION = YES;
				GCC_WARN_ABOUT_RETURN_TYPE = YES_ERROR;
				GCC_WARN_UNDECLARED_SELECTOR = YES;
				GCC_WARN_UNINITIALIZED_AUTOS = YES_AGGRESSIVE;
				GCC_WARN_UNUSED_FUNCTION = YES;
				GCC_WARN_UNUSED_VARIABLE = YES;
				IPHONEOS_DEPLOYMENT_TARGET = 12.2;
				MTL_ENABLE_DEBUG_INFO = NO;
				MTL_FAST_MATH = YES;
				SDKROOT = iphoneos;
				SWIFT_COMPILATION_MODE = wholemodule;
				SWIFT_OPTIMIZATION_LEVEL = "-O";
				VALIDATE_PRODUCT = YES;
			};
			name = Release;
		};
		16000E9A22826390008484B6 /* Debug */ = {
			isa = XCBuildConfiguration;
			buildSettings = {
				ASSETCATALOG_COMPILER_APPICON_NAME = AppIcon;
				CODE_SIGN_STYLE = Automatic;
				DEVELOPMENT_TEAM = NZ5N56B84J;
				INFOPLIST_FILE = "$(SRCROOT)/RAMJournal/Resources/Info.plist";
				LD_RUNPATH_SEARCH_PATHS = (
					"$(inherited)",
					"@executable_path/Frameworks",
				);
				PRODUCT_BUNDLE_IDENTIFIER = com.TAYLORBILLS.RAMJournal;
				PRODUCT_NAME = "$(TARGET_NAME)";
				SWIFT_VERSION = 5.0;
				TARGETED_DEVICE_FAMILY = "1,2";
			};
			name = Debug;
		};
		16000E9B22826390008484B6 /* Release */ = {
			isa = XCBuildConfiguration;
			buildSettings = {
				ASSETCATALOG_COMPILER_APPICON_NAME = AppIcon;
				CODE_SIGN_STYLE = Automatic;
				DEVELOPMENT_TEAM = NZ5N56B84J;
				INFOPLIST_FILE = "$(SRCROOT)/RAMJournal/Resources/Info.plist";
				LD_RUNPATH_SEARCH_PATHS = (
					"$(inherited)",
					"@executable_path/Frameworks",
				);
				PRODUCT_BUNDLE_IDENTIFIER = com.TAYLORBILLS.RAMJournal;
				PRODUCT_NAME = "$(TARGET_NAME)";
				SWIFT_VERSION = 5.0;
				TARGETED_DEVICE_FAMILY = "1,2";
			};
			name = Release;
		};
/* End XCBuildConfiguration section */

/* Begin XCConfigurationList section */
		16000E822282638F008484B6 /* Build configuration list for PBXProject "RAMJournal" */ = {
			isa = XCConfigurationList;
			buildConfigurations = (
				16000E9722826390008484B6 /* Debug */,
				16000E9822826390008484B6 /* Release */,
			);
			defaultConfigurationIsVisible = 0;
			defaultConfigurationName = Release;
		};
		16000E9922826390008484B6 /* Build configuration list for PBXNativeTarget "RAMJournal" */ = {
			isa = XCConfigurationList;
			buildConfigurations = (
				16000E9A22826390008484B6 /* Debug */,
				16000E9B22826390008484B6 /* Release */,
			);
			defaultConfigurationIsVisible = 0;
			defaultConfigurationName = Release;
		};
/* End XCConfigurationList section */
	};
	rootObject = 16000E7F2282638F008484B6 /* Project object */;
}
